
Microsoft Visual Studio Solution File, Format Version 12.00
# Visual Studio Version 17
VisualStudioVersion = 17.11.35219.272
MinimumVisualStudioVersion = 10.0.40219.1
Project("{FAE04EC0-301F-11D3-BF4B-00C04F79EFBC}") = "api captcha", "api captcha\api captcha.csproj", "{C16325D9-F47B-4E67-BC47-A76F2DDD7375}"
EndProject
Global
	GlobalSection(SolutionConfigurationPlatforms) = preSolution
		Debug|Any CPU = Debug|Any CPU
		Release|Any CPU = Release|Any CPU
	EndGlobalSection
	GlobalSection(ProjectConfigurationPlatforms) = postSolution
		{C16325D9-F47B-4E67-BC47-A76F2DDD7375}.Debug|Any CPU.ActiveCfg = Debug|Any CPU
		{C16325D9-F47B-4E67-BC47-A76F2DDD7375}.Debug|Any CPU.Build.0 = Debug|Any CPU
		{C16325D9-F47B-4E67-BC47-A76F2DDD7375}.Release|Any CPU.ActiveCfg = Release|Any CPU
		{C16325D9-F47B-4E67-BC47-A76F2DDD7375}.Release|Any CPU.Build.0 = Release|Any CPU
	EndGlobalSection
	GlobalSection(SolutionProperties) = preSolution
		HideSolutionNode = FALSE
	EndGlobalSection
	GlobalSection(ExtensibilityGlobals) = postSolution
		SolutionGuid = {2E8AB8A6-8044-4B10-80BC-E3E6C6961A7C}
	EndGlobalSection
EndGlobal
